
Microsoft Visual Studio Solution File, Format Version 12.00
# Visual Studio Version 16
VisualStudioVersion = 16.0.31019.35
MinimumVisualStudioVersion = 10.0.40219.1
Project("{FAE04EC0-301F-11D3-BF4B-00C04F79EFBC}") = "ConsultorioDentista", "ConsultorioDentista\ConsultorioDentista.csproj", "{5A013320-B2AF-41A5-902C-291FCB5708E8}"
EndProject
Global
	GlobalSection(SolutionConfigurationPlatforms) = preSolution
		Debug|Any CPU = Debug|Any CPU
		Release|Any CPU = Release|Any CPU
	EndGlobalSection
	GlobalSection(ProjectConfigurationPlatforms) = postSolution
		{5A013320-B2AF-41A5-902C-291FCB5708E8}.Debug|Any CPU.ActiveCfg = Debug|Any CPU
		{5A013320-B2AF-41A5-902C-291FCB5708E8}.Debug|Any CPU.Build.0 = Debug|Any CPU
		{5A013320-B2AF-41A5-902C-291FCB5708E8}.Release|Any CPU.ActiveCfg = Release|Any CPU
		{5A013320-B2AF-41A5-902C-291FCB5708E8}.Release|Any CPU.Build.0 = Release|Any CPU
	EndGlobalSection
	GlobalSection(SolutionProperties) = preSolution
		HideSolutionNode = FALSE
	EndGlobalSection
	GlobalSection(ExtensibilityGlobals) = postSolution
		SolutionGuid = {5AA09B55-CDE6-4C42-A44F-6547A7B0E1DB}
	EndGlobalSection
EndGlobal
